
Microsoft Visual Studio Solution File, Format Version 12.00
# Visual Studio Version 16
VisualStudioVersion = 16.0.30413.136
MinimumVisualStudioVersion = 10.0.40219.1
Project("{F184B08F-C81C-45F6-A57F-5ABD9991F28F}") = "TabuadaVB", "TabuadaVB.vbproj", "{11094DE2-D821-414A-BFD2-614C145A9476}"
EndProject
Global
	GlobalSection(SolutionConfigurationPlatforms) = preSolution
		Debug|Any CPU = Debug|Any CPU
		Release|Any CPU = Release|Any CPU
	EndGlobalSection
	GlobalSection(ProjectConfigurationPlatforms) = postSolution
		{11094DE2-D821-414A-BFD2-614C145A9476}.Debug|Any CPU.ActiveCfg = Debug|Any CPU
		{11094DE2-D821-414A-BFD2-614C145A9476}.Debug|Any CPU.Build.0 = Debug|Any CPU
		{11094DE2-D821-414A-BFD2-614C145A9476}.Release|Any CPU.ActiveCfg = Release|Any CPU
		{11094DE2-D821-414A-BFD2-614C145A9476}.Release|Any CPU.Build.0 = Release|Any CPU
	EndGlobalSection
	GlobalSection(SolutionProperties) = preSolution
		HideSolutionNode = FALSE
	EndGlobalSection
	GlobalSection(ExtensibilityGlobals) = postSolution
		SolutionGuid = {39E278AF-8C2D-4C9B-8DE5-6A3EF540462C}
	EndGlobalSection
EndGlobal
