
Microsoft Visual Studio Solution File, Format Version 12.00
# Visual Studio Version 16
VisualStudioVersion = 16.0.30413.136
MinimumVisualStudioVersion = 10.0.40219.1
Project("{FAE04EC0-301F-11D3-BF4B-00C04F79EFBC}") = "ConsoleCSharpClass06", "ConsoleCSharpClass06.csproj", "{2DBA8AAF-B14B-4FB9-B189-A21F75856637}"
EndProject
Global
	GlobalSection(SolutionConfigurationPlatforms) = preSolution
		Debug|Any CPU = Debug|Any CPU
		Release|Any CPU = Release|Any CPU
	EndGlobalSection
	GlobalSection(ProjectConfigurationPlatforms) = postSolution
		{2DBA8AAF-B14B-4FB9-B189-A21F75856637}.Debug|Any CPU.ActiveCfg = Debug|Any CPU
		{2DBA8AAF-B14B-4FB9-B189-A21F75856637}.Debug|Any CPU.Build.0 = Debug|Any CPU
		{2DBA8AAF-B14B-4FB9-B189-A21F75856637}.Release|Any CPU.ActiveCfg = Release|Any CPU
		{2DBA8AAF-B14B-4FB9-B189-A21F75856637}.Release|Any CPU.Build.0 = Release|Any CPU
	EndGlobalSection
	GlobalSection(SolutionProperties) = preSolution
		HideSolutionNode = FALSE
	EndGlobalSection
	GlobalSection(ExtensibilityGlobals) = postSolution
		SolutionGuid = {43C3AAF0-AC96-4EAB-975A-0D4DFE5D97A0}
	EndGlobalSection
EndGlobal
